
Microsoft Visual Studio Solution File, Format Version 12.00
# Visual Studio 15
VisualStudioVersion = 15.0.28307.421
MinimumVisualStudioVersion = 10.0.40219.1
Project("{FAE04EC0-301F-11D3-BF4B-00C04F79EFBC}") = "lanren", "lanren\lanren.csproj", "{D540B443-4D9A-40B2-AFE2-00E878FFCA4D}"
EndProject
Global
	GlobalSection(SolutionConfigurationPlatforms) = preSolution
		Debug|Any CPU = Debug|Any CPU
		Release|Any CPU = Release|Any CPU
	EndGlobalSection
	GlobalSection(ProjectConfigurationPlatforms) = postSolution
		{D540B443-4D9A-40B2-AFE2-00E878FFCA4D}.Debug|Any CPU.ActiveCfg = Debug|Any CPU
		{D540B443-4D9A-40B2-AFE2-00E878FFCA4D}.Debug|Any CPU.Build.0 = Debug|Any CPU
		{D540B443-4D9A-40B2-AFE2-00E878FFCA4D}.Release|Any CPU.ActiveCfg = Release|Any CPU
		{D540B443-4D9A-40B2-AFE2-00E878FFCA4D}.Release|Any CPU.Build.0 = Release|Any CPU
	EndGlobalSection
	GlobalSection(SolutionProperties) = preSolution
		HideSolutionNode = FALSE
	EndGlobalSection
	GlobalSection(ExtensibilityGlobals) = postSolution
		SolutionGuid = {B9CBC647-393D-4BA7-AD27-45FAC6CA6D26}
	EndGlobalSection
EndGlobal
